
Microsoft Visual Studio Solution File, Format Version 12.00
# Visual Studio Version 17
VisualStudioVersion = 17.7.34024.191
MinimumVisualStudioVersion = 10.0.40219.1
Project("{9A19103F-16F7-4668-BE54-9A1E7A4F7556}") = "EasyChatApi", "EasyChatApi\EasyChatApi.csproj", "{A177BA65-5B08-4F3B-8522-105C5F0CB266}"
EndProject
Project("{9A19103F-16F7-4668-BE54-9A1E7A4F7556}") = "EasyChatApiTest", "EasyChatApiTest\EasyChatApiTest.csproj", "{5846D5D3-C787-4975-A424-4B038707CB07}"
EndProject
Project("{9A19103F-16F7-4668-BE54-9A1E7A4F7556}") = "DataAccess", "DataAccess\DataAccess.csproj", "{471FB5C6-6C63-4B8B-A05C-03EB1FD5FB0A}"
EndProject
Project("{FAE04EC0-301F-11D3-BF4B-00C04F79EFBC}") = "Interfaces", "Interfaces\Interfaces.csproj", "{F9E3121E-CEC4-48DF-B427-825172B32183}"
EndProject
Global
	GlobalSection(SolutionConfigurationPlatforms) = preSolution
		Debug|Any CPU = Debug|Any CPU
		Release|Any CPU = Release|Any CPU
	EndGlobalSection
	GlobalSection(ProjectConfigurationPlatforms) = postSolution
		{A177BA65-5B08-4F3B-8522-105C5F0CB266}.Debug|Any CPU.ActiveCfg = Debug|Any CPU
		{A177BA65-5B08-4F3B-8522-105C5F0CB266}.Debug|Any CPU.Build.0 = Debug|Any CPU
		{A177BA65-5B08-4F3B-8522-105C5F0CB266}.Release|Any CPU.ActiveCfg = Release|Any CPU
		{A177BA65-5B08-4F3B-8522-105C5F0CB266}.Release|Any CPU.Build.0 = Release|Any CPU
		{5846D5D3-C787-4975-A424-4B038707CB07}.Debug|Any CPU.ActiveCfg = Debug|Any CPU
		{5846D5D3-C787-4975-A424-4B038707CB07}.Debug|Any CPU.Build.0 = Debug|Any CPU
		{5846D5D3-C787-4975-A424-4B038707CB07}.Release|Any CPU.ActiveCfg = Release|Any CPU
		{5846D5D3-C787-4975-A424-4B038707CB07}.Release|Any CPU.Build.0 = Release|Any CPU
		{471FB5C6-6C63-4B8B-A05C-03EB1FD5FB0A}.Debug|Any CPU.ActiveCfg = Debug|Any CPU
		{471FB5C6-6C63-4B8B-A05C-03EB1FD5FB0A}.Debug|Any CPU.Build.0 = Debug|Any CPU
		{471FB5C6-6C63-4B8B-A05C-03EB1FD5FB0A}.Release|Any CPU.ActiveCfg = Release|Any CPU
		{471FB5C6-6C63-4B8B-A05C-03EB1FD5FB0A}.Release|Any CPU.Build.0 = Release|Any CPU
		{F9E3121E-CEC4-48DF-B427-825172B32183}.Debug|Any CPU.ActiveCfg = Debug|Any CPU
		{F9E3121E-CEC4-48DF-B427-825172B32183}.Debug|Any CPU.Build.0 = Debug|Any CPU
		{F9E3121E-CEC4-48DF-B427-825172B32183}.Release|Any CPU.ActiveCfg = Release|Any CPU
		{F9E3121E-CEC4-48DF-B427-825172B32183}.Release|Any CPU.Build.0 = Release|Any CPU
	EndGlobalSection
	GlobalSection(SolutionProperties) = preSolution
		HideSolutionNode = FALSE
	EndGlobalSection
	GlobalSection(ExtensibilityGlobals) = postSolution
		SolutionGuid = {7B4ECA24-0C02-4D12-A0EE-EC7086D2EE96}
	EndGlobalSection
EndGlobal
